// !$*UTF8*$!
{
	archiveVersion = 1;
	classes = {
	};
	objectVersion = 56;
	objects = {

/* Begin PBXBuildFile section */
		C46AA31A2B81F5E000FD8FA7 /* MyBooksApp.swift in Sources */ = {isa = PBXBuildFile; fileRef = C46AA3192B81F5E000FD8FA7 /* MyBooksApp.swift */; };
		C46AA31C2B81F5E000FD8FA7 /* ContentView.swift in Sources */ = {isa = PBXBuildFile; fileRef = C46AA31B2B81F5E000FD8FA7 /* ContentView.swift */; };
		C46AA31E2B81F5E000FD8FA7 /* Item.swift in Sources */ = {isa = PBXBuildFile; fileRef = C46AA31D2B81F5E000FD8FA7 /* Item.swift */; };
		C46AA3202B81F5E100FD8FA7 /* Assets.xcassets in Resources */ = {isa = PBXBuildFile; fileRef = C46AA31F2B81F5E100FD8FA7 /* Assets.xcassets */; };
		C46AA3232B81F5E100FD8FA7 /* Preview Assets.xcassets in Resources */ = {isa = PBXBuildFile; fileRef = C46AA3222B81F5E100FD8FA7 /* Preview Assets.xcassets */; };
		C46AA32D2B81F5E100FD8FA7 /* MyBooksTests.swift in Sources */ = {isa = PBXBuildFile; fileRef = C46AA32C2B81F5E100FD8FA7 /* MyBooksTests.swift */; };
		C46AA3372B81F5E100FD8FA7 /* MyBooksUITests.swift in Sources */ = {isa = PBXBuildFile; fileRef = C46AA3362B81F5E100FD8FA7 /* MyBooksUITests.swift */; };
		C46AA3392B81F5E100FD8FA7 /* MyBooksUITestsLaunchTests.swift in Sources */ = {isa = PBXBuildFile; fileRef = C46AA3382B81F5E100FD8FA7 /* MyBooksUITestsLaunchTests.swift */; };
		C46AA3482B82298600FD8FA7 /* ColorAssets.xcassets in Resources */ = {isa = PBXBuildFile; fileRef = C46AA3472B82298600FD8FA7 /* ColorAssets.xcassets */; };
		C46AA34D2B822DFC00FD8FA7 /* MyButton.swift in Sources */ = {isa = PBXBuildFile; fileRef = C46AA34C2B822DFC00FD8FA7 /* MyButton.swift */; };
		C46AA34F2B822F0E00FD8FA7 /* DesignConstants.swift in Sources */ = {isa = PBXBuildFile; fileRef = C46AA34E2B822F0E00FD8FA7 /* DesignConstants.swift */; };
/* End PBXBuildFile section */

/* Begin PBXContainerItemProxy section */
		C46AA3292B81F5E100FD8FA7 /* PBXContainerItemProxy */ = {
			isa = PBXContainerItemProxy;
			containerPortal = C46AA30E2B81F5E000FD8FA7 /* Project object */;
			proxyType = 1;
			remoteGlobalIDString = C46AA3152B81F5E000FD8FA7;
			remoteInfo = MyBooks;
		};
		C46AA3332B81F5E100FD8FA7 /* PBXContainerItemProxy */ = {
			isa = PBXContainerItemProxy;
			containerPortal = C46AA30E2B81F5E000FD8FA7 /* Project object */;
			proxyType = 1;
			remoteGlobalIDString = C46AA3152B81F5E000FD8FA7;
			remoteInfo = MyBooks;
		};
/* End PBXContainerItemProxy section */

/* Begin PBXFileReference section */
		C46AA3162B81F5E000FD8FA7 /* MyBooks.app */ = {isa = PBXFileReference; explicitFileType = wrapper.application; includeInIndex = 0; path = MyBooks.app; sourceTree = BUILT_PRODUCTS_DIR; };
		C46AA3192B81F5E000FD8FA7 /* MyBooksApp.swift */ = {isa = PBXFileReference; lastKnownFileType = sourcecode.swift; path = MyBooksApp.swift; sourceTree = "<group>"; };
		C46AA31B2B81F5E000FD8FA7 /* ContentView.swift */ = {isa = PBXFileReference; lastKnownFileType = sourcecode.swift; path = ContentView.swift; sourceTree = "<group>"; };
		C46AA31D2B81F5E000FD8FA7 /* Item.swift */ = {isa = PBXFileReference; lastKnownFileType = sourcecode.swift; path = Item.swift; sourceTree = "<group>"; };
		C46AA31F2B81F5E100FD8FA7 /* Assets.xcassets */ = {isa = PBXFileReference; lastKnownFileType = folder.assetcatalog; path = Assets.xcassets; sourceTree = "<group>"; };
		C46AA3222B81F5E100FD8FA7 /* Preview Assets.xcassets */ = {isa = PBXFileReference; lastKnownFileType = folder.assetcatalog; path = "Preview Assets.xcassets"; sourceTree = "<group>"; };
		C46AA3282B81F5E100FD8FA7 /* MyBooksTests.xctest */ = {isa = PBXFileReference; explicitFileType = wrapper.cfbundle; includeInIndex = 0; path = MyBooksTests.xctest; sourceTree = BUILT_PRODUCTS_DIR; };
		C46AA32C2B81F5E100FD8FA7 /* MyBooksTests.swift */ = {isa = PBXFileReference; lastKnownFileType = sourcecode.swift; path = MyBooksTests.swift; sourceTree = "<group>"; };
		C46AA3322B81F5E100FD8FA7 /* MyBooksUITests.xctest */ = {isa = PBXFileReference; explicitFileType = wrapper.cfbundle; includeInIndex = 0; path = MyBooksUITests.xctest; sourceTree = BUILT_PRODUCTS_DIR; };
		C46AA3362B81F5E100FD8FA7 /* MyBooksUITests.swift */ = {isa = PBXFileReference; lastKnownFileType = sourcecode.swift; path = MyBooksUITests.swift; sourceTree = "<group>"; };
		C46AA3382B81F5E100FD8FA7 /* MyBooksUITestsLaunchTests.swift */ = {isa = PBXFileReference; lastKnownFileType = sourcecode.swift; path = MyBooksUITestsLaunchTests.swift; sourceTree = "<group>"; };
		C46AA3472B82298600FD8FA7 /* ColorAssets.xcassets */ = {isa = PBXFileReference; lastKnownFileType = folder.assetcatalog; path = ColorAssets.xcassets; sourceTree = "<group>"; };
		C46AA34C2B822DFC00FD8FA7 /* MyButton.swift */ = {isa = PBXFileReference; lastKnownFileType = sourcecode.swift; path = MyButton.swift; sourceTree = "<group>"; };
		C46AA34E2B822F0E00FD8FA7 /* DesignConstants.swift */ = {isa = PBXFileReference; lastKnownFileType = sourcecode.swift; path = DesignConstants.swift; sourceTree = "<group>"; };
/* End PBXFileReference section */

/* Begin PBXFrameworksBuildPhase section */
		C46AA3132B81F5E000FD8FA7 /* Frameworks */ = {
			isa = PBXFrameworksBuildPhase;
			buildActionMask = 2147483647;
			files = (
			);
			runOnlyForDeploymentPostprocessing = 0;
		};
		C46AA3252B81F5E100FD8FA7 /* Frameworks */ = {
			isa = PBXFrameworksBuildPhase;
			buildActionMask = 2147483647;
			files = (
			);
			runOnlyForDeploymentPostprocessing = 0;
		};
		C46AA32F2B81F5E100FD8FA7 /* Frameworks */ = {
			isa = PBXFrameworksBuildPhase;
			buildActionMask = 2147483647;
			files = (
			);
			runOnlyForDeploymentPostprocessing = 0;
		};
/* End PBXFrameworksBuildPhase section */

/* Begin PBXGroup section */
		C46AA30D2B81F5E000FD8FA7 = {
			isa = PBXGroup;
			children = (
				C46AA3182B81F5E000FD8FA7 /* MyBooks */,
				C46AA32B2B81F5E100FD8FA7 /* MyBooksTests */,
				C46AA3352B81F5E100FD8FA7 /* MyBooksUITests */,
				C46AA3172B81F5E000FD8FA7 /* Products */,
			);
			sourceTree = "<group>";
		};
		C46AA3172B81F5E000FD8FA7 /* Products */ = {
			isa = PBXGroup;
			children = (
				C46AA3162B81F5E000FD8FA7 /* MyBooks.app */,
				C46AA3282B81F5E100FD8FA7 /* MyBooksTests.xctest */,
				C46AA3322B81F5E100FD8FA7 /* MyBooksUITests.xctest */,
			);
			name = Products;
			sourceTree = "<group>";
		};
		C46AA3182B81F5E000FD8FA7 /* MyBooks */ = {
			isa = PBXGroup;
			children = (
				C46AA3492B8229D800FD8FA7 /* Design */,
				C46AA3192B81F5E000FD8FA7 /* MyBooksApp.swift */,
				C46AA31B2B81F5E000FD8FA7 /* ContentView.swift */,
				C46AA31D2B81F5E000FD8FA7 /* Item.swift */,
				C46AA3212B81F5E100FD8FA7 /* Preview Content */,
			);
			path = MyBooks;
			sourceTree = "<group>";
		};
		C46AA3212B81F5E100FD8FA7 /* Preview Content */ = {
			isa = PBXGroup;
			children = (
				C46AA3222B81F5E100FD8FA7 /* Preview Assets.xcassets */,
			);
			path = "Preview Content";
			sourceTree = "<group>";
		};
		C46AA32B2B81F5E100FD8FA7 /* MyBooksTests */ = {
			isa = PBXGroup;
			children = (
				C46AA32C2B81F5E100FD8FA7 /* MyBooksTests.swift */,
			);
			path = MyBooksTests;
			sourceTree = "<group>";
		};
		C46AA3352B81F5E100FD8FA7 /* MyBooksUITests */ = {
			isa = PBXGroup;
			children = (
				C46AA3362B81F5E100FD8FA7 /* MyBooksUITests.swift */,
				C46AA3382B81F5E100FD8FA7 /* MyBooksUITestsLaunchTests.swift */,
			);
			path = MyBooksUITests;
			sourceTree = "<group>";
		};
		C46AA3492B8229D800FD8FA7 /* Design */ = {
			isa = PBXGroup;
			children = (
				C46AA34B2B8229FE00FD8FA7 /* Sources */,
				C46AA34A2B8229F200FD8FA7 /* Resources */,
			);
			path = Design;
			sourceTree = "<group>";
		};
		C46AA34A2B8229F200FD8FA7 /* Resources */ = {
			isa = PBXGroup;
			children = (
				C46AA31F2B81F5E100FD8FA7 /* Assets.xcassets */,
				C46AA3472B82298600FD8FA7 /* ColorAssets.xcassets */,
			);
			path = Resources;
			sourceTree = "<group>";
		};
		C46AA34B2B8229FE00FD8FA7 /* Sources */ = {
			isa = PBXGroup;
			children = (
				C46AA34C2B822DFC00FD8FA7 /* MyButton.swift */,
				C46AA34E2B822F0E00FD8FA7 /* DesignConstants.swift */,
			);
			path = Sources;
			sourceTree = "<group>";
		};
/* End PBXGroup section */

/* Begin PBXNativeTarget section */
		C46AA3152B81F5E000FD8FA7 /* MyBooks */ = {
			isa = PBXNativeTarget;
			buildConfigurationList = C46AA33C2B81F5E100FD8FA7 /* Build configuration list for PBXNativeTarget "MyBooks" */;
			buildPhases = (
				C46AA3122B81F5E000FD8FA7 /* Sources */,
				C46AA3132B81F5E000FD8FA7 /* Frameworks */,
				C46AA3142B81F5E000FD8FA7 /* Resources */,
			);
			buildRules = (
			);
			dependencies = (
			);
			name = MyBooks;
			productName = MyBooks;
			productReference = C46AA3162B81F5E000FD8FA7 /* MyBooks.app */;
			productType = "com.apple.product-type.application";
		};
		C46AA3272B81F5E100FD8FA7 /* MyBooksTests */ = {
			isa = PBXNativeTarget;
			buildConfigurationList = C46AA33F2B81F5E100FD8FA7 /* Build configuration list for PBXNativeTarget "MyBooksTests" */;
			buildPhases = (
				C46AA3242B81F5E100FD8FA7 /* Sources */,
				C46AA3252B81F5E100FD8FA7 /* Frameworks */,
				C46AA3262B81F5E100FD8FA7 /* Resources */,
			);
			buildRules = (
			);
			dependencies = (
				C46AA32A2B81F5E100FD8FA7 /* PBXTargetDependency */,
			);
			name = MyBooksTests;
			productName = MyBooksTests;
			productReference = C46AA3282B81F5E100FD8FA7 /* MyBooksTests.xctest */;
			productType = "com.apple.product-type.bundle.unit-test";
		};
		C46AA3312B81F5E100FD8FA7 /* MyBooksUITests */ = {
			isa = PBXNativeTarget;
			buildConfigurationList = C46AA3422B81F5E100FD8FA7 /* Build configuration list for PBXNativeTarget "MyBooksUITests" */;
			buildPhases = (
				C46AA32E2B81F5E100FD8FA7 /* Sources */,
				C46AA32F2B81F5E100FD8FA7 /* Frameworks */,
				C46AA3302B81F5E100FD8FA7 /* Resources */,
			);
			buildRules = (
			);
			dependencies = (
				C46AA3342B81F5E100FD8FA7 /* PBXTargetDependency */,
			);
			name = MyBooksUITests;
			productName = MyBooksUITests;
			productReference = C46AA3322B81F5E100FD8FA7 /* MyBooksUITests.xctest */;
			productType = "com.apple.product-type.bundle.ui-testing";
		};
/* End PBXNativeTarget section */

/* Begin PBXProject section */
		C46AA30E2B81F5E000FD8FA7 /* Project object */ = {
			isa = PBXProject;
			attributes = {
				BuildIndependentTargetsInParallel = 1;
				LastSwiftUpdateCheck = 1510;
				LastUpgradeCheck = 1510;
				TargetAttributes = {
					C46AA3152B81F5E000FD8FA7 = {
						CreatedOnToolsVersion = 15.1;
					};
					C46AA3272B81F5E100FD8FA7 = {
						CreatedOnToolsVersion = 15.1;
						TestTargetID = C46AA3152B81F5E000FD8FA7;
					};
					C46AA3312B81F5E100FD8FA7 = {
						CreatedOnToolsVersion = 15.1;
						TestTargetID = C46AA3152B81F5E000FD8FA7;
					};
				};
			};
			buildConfigurationList = C46AA3112B81F5E000FD8FA7 /* Build configuration list for PBXProject "MyBooks" */;
			compatibilityVersion = "Xcode 14.0";
			developmentRegion = en;
			hasScannedForEncodings = 0;
			knownRegions = (
				en,
				Base,
			);
			mainGroup = C46AA30D2B81F5E000FD8FA7;
			productRefGroup = C46AA3172B81F5E000FD8FA7 /* Products */;
			projectDirPath = "";
			projectRoot = "";
			targets = (
				C46AA3152B81F5E000FD8FA7 /* MyBooks */,
				C46AA3272B81F5E100FD8FA7 /* MyBooksTests */,
				C46AA3312B81F5E100FD8FA7 /* MyBooksUITests */,
			);
		};
/* End PBXProject section */

/* Begin PBXResourcesBuildPhase section */
		C46AA3142B81F5E000FD8FA7 /* Resources */ = {
			isa = PBXResourcesBuildPhase;
			buildActionMask = 2147483647;
			files = (
				C46AA3232B81F5E100FD8FA7 /* Preview Assets.xcassets in Resources */,
				C46AA3482B82298600FD8FA7 /* ColorAssets.xcassets in Resources */,
				C46AA3202B81F5E100FD8FA7 /* Assets.xcassets in Resources */,
			);
			runOnlyForDeploymentPostprocessing = 0;
		};
		C46AA3262B81F5E100FD8FA7 /* Resources */ = {
			isa = PBXResourcesBuildPhase;
			buildActionMask = 2147483647;
			files = (
			);
			runOnlyForDeploymentPostprocessing = 0;
		};
		C46AA3302B81F5E100FD8FA7 /* Resources */ = {
			isa = PBXResourcesBuildPhase;
			buildActionMask = 2147483647;
			files = (
			);
			runOnlyForDeploymentPostprocessing = 0;
		};
/* End PBXResourcesBuildPhase section */

/* Begin PBXSourcesBuildPhase section */
		C46AA3122B81F5E000FD8FA7 /* Sources */ = {
			isa = PBXSourcesBuildPhase;
			buildActionMask = 2147483647;
			files = (
				C46AA31C2B81F5E000FD8FA7 /* ContentView.swift in Sources */,
				C46AA31E2B81F5E000FD8FA7 /* Item.swift in Sources */,
				C46AA31A2B81F5E000FD8FA7 /* MyBooksApp.swift in Sources */,
				C46AA34F2B822F0E00FD8FA7 /* DesignConstants.swift in Sources */,
				C46AA34D2B822DFC00FD8FA7 /* MyButton.swift in Sources */,
			);
			runOnlyForDeploymentPostprocessing = 0;
		};
		C46AA3242B81F5E100FD8FA7 /* Sources */ = {
			isa = PBXSourcesBuildPhase;
			buildActionMask = 2147483647;
			files = (
				C46AA32D2B81F5E100FD8FA7 /* MyBooksTests.swift in Sources */,
			);
			runOnlyForDeploymentPostprocessing = 0;
		};
		C46AA32E2B81F5E100FD8FA7 /* Sources */ = {
			isa = PBXSourcesBuildPhase;
			buildActionMask = 2147483647;
			files = (
				C46AA3372B81F5E100FD8FA7 /* MyBooksUITests.swift in Sources */,
				C46AA3392B81F5E100FD8FA7 /* MyBooksUITestsLaunchTests.swift in Sources */,
			);
			runOnlyForDeploymentPostprocessing = 0;
		};
/* End PBXSourcesBuildPhase section */

/* Begin PBXTargetDependency section */
		C46AA32A2B81F5E100FD8FA7 /* PBXTargetDependency */ = {
			isa = PBXTargetDependency;
			target = C46AA3152B81F5E000FD8FA7 /* MyBooks */;
			targetProxy = C46AA3292B81F5E100FD8FA7 /* PBXContainerItemProxy */;
		};
		C46AA3342B81F5E100FD8FA7 /* PBXTargetDependency */ = {
			isa = PBXTargetDependency;
			target = C46AA3152B81F5E000FD8FA7 /* MyBooks */;
			targetProxy = C46AA3332B81F5E100FD8FA7 /* PBXContainerItemProxy */;
		};
/* End PBXTargetDependency section */

/* Begin XCBuildConfiguration section */
		C46AA33A2B81F5E100FD8FA7 /* Debug */ = {
			isa = XCBuildConfiguration;
			buildSettings = {
				ALWAYS_SEARCH_USER_PATHS = NO;
				ASSETCATALOG_COMPILER_GENERATE_SWIFT_ASSET_SYMBOL_EXTENSIONS = YES;
				CLANG_ANALYZER_NONNULL = YES;
				CLANG_ANALYZER_NUMBER_OBJECT_CONVERSION = YES_AGGRESSIVE;
				CLANG_CXX_LANGUAGE_STANDARD = "gnu++20";
				CLANG_ENABLE_MODULES = YES;
				CLANG_ENABLE_OBJC_ARC = YES;
				CLANG_ENABLE_OBJC_WEAK = YES;
				CLANG_WARN_BLOCK_CAPTURE_AUTORELEASING = YES;
				CLANG_WARN_BOOL_CONVERSION = YES;
				CLANG_WARN_COMMA = YES;
				CLANG_WARN_CONSTANT_CONVERSION = YES;
				CLANG_WARN_DEPRECATED_OBJC_IMPLEMENTATIONS = YES;
				CLANG_WARN_DIRECT_OBJC_ISA_USAGE = YES_ERROR;
				CLANG_WARN_DOCUMENTATION_COMMENTS = YES;
				CLANG_WARN_EMPTY_BODY = YES;
				CLANG_WARN_ENUM_CONVERSION = YES;
				CLANG_WARN_INFINITE_RECURSION = YES;
				CLANG_WARN_INT_CONVERSION = YES;
				CLANG_WARN_NON_LITERAL_NULL_CONVERSION = YES;
				CLANG_WARN_OBJC_IMPLICIT_RETAIN_SELF = YES;
				CLANG_WARN_OBJC_LITERAL_CONVERSION = YES;
				CLANG_WARN_OBJC_ROOT_CLASS = YES_ERROR;
				CLANG_WARN_QUOTED_INCLUDE_IN_FRAMEWORK_HEADER = YES;
				CLANG_WARN_RANGE_LOOP_ANALYSIS = YES;
				CLANG_WARN_STRICT_PROTOTYPES = YES;
				CLANG_WARN_SUSPICIOUS_MOVE = YES;
				CLANG_WARN_UNGUARDED_AVAILABILITY = YES_AGGRESSIVE;
				CLANG_WARN_UNREACHABLE_CODE = YES;
				CLANG_WARN__DUPLICATE_METHOD_MATCH = YES;
				COPY_PHASE_STRIP = NO;
				DEBUG_INFORMATION_FORMAT = dwarf;
				ENABLE_STRICT_OBJC_MSGSEND = YES;
				ENABLE_TESTABILITY = YES;
				ENABLE_USER_SCRIPT_SANDBOXING = YES;
				GCC_C_LANGUAGE_STANDARD = gnu17;
				GCC_DYNAMIC_NO_PIC = NO;
				GCC_NO_COMMON_BLOCKS = YES;
				GCC_OPTIMIZATION_LEVEL = 0;
				GCC_PREPROCESSOR_DEFINITIONS = (
					"DEBUG=1",
					"$(inherited)",
				);
				GCC_WARN_64_TO_32_BIT_CONVERSION = YES;
				GCC_WARN_ABOUT_RETURN_TYPE = YES_ERROR;
				GCC_WARN_UNDECLARED_SELECTOR = YES;
				GCC_WARN_UNINITIALIZED_AUTOS = YES_AGGRESSIVE;
				GCC_WARN_UNUSED_FUNCTION = YES;
				GCC_WARN_UNUSED_VARIABLE = YES;
				IPHONEOS_DEPLOYMENT_TARGET = 17.2;
				LOCALIZATION_PREFERS_STRING_CATALOGS = YES;
				MTL_ENABLE_DEBUG_INFO = INCLUDE_SOURCE;
				MTL_FAST_MATH = YES;
				ONLY_ACTIVE_ARCH = YES;
				SDKROOT = iphoneos;
				SWIFT_ACTIVE_COMPILATION_CONDITIONS = "DEBUG $(inherited)";
				SWIFT_OPTIMIZATION_LEVEL = "-Onone";
			};
			name = Debug;
		};
		C46AA33B2B81F5E100FD8FA7 /* Release */ = {
			isa = XCBuildConfiguration;
			buildSettings = {
				ALWAYS_SEARCH_USER_PATHS = NO;
				ASSETCATALOG_COMPILER_GENERATE_SWIFT_ASSET_SYMBOL_EXTENSIONS = YES;
				CLANG_ANALYZER_NONNULL = YES;
				CLANG_ANALYZER_NUMBER_OBJECT_CONVERSION = YES_AGGRESSIVE;
				CLANG_CXX_LANGUAGE_STANDARD = "gnu++20";
				CLANG_ENABLE_MODULES = YES;
				CLANG_ENABLE_OBJC_ARC = YES;
				CLANG_ENABLE_OBJC_WEAK = YES;
				CLANG_WARN_BLOCK_CAPTURE_AUTORELEASING = YES;
				CLANG_WARN_BOOL_CONVERSION = YES;
				CLANG_WARN_COMMA = YES;
				CLANG_WARN_CONSTANT_CONVERSION = YES;
				CLANG_WARN_DEPRECATED_OBJC_IMPLEMENTATIONS = YES;
				CLANG_WARN_DIRECT_OBJC_ISA_USAGE = YES_ERROR;
				CLANG_WARN_DOCUMENTATION_COMMENTS = YES;
				CLANG_WARN_EMPTY_BODY = YES;
				CLANG_WARN_ENUM_CONVERSION = YES;
				CLANG_WARN_INFINITE_RECURSION = YES;
				CLANG_WARN_INT_CONVERSION = YES;
				CLANG_WARN_NON_LITERAL_NULL_CONVERSION = YES;
				CLANG_WARN_OBJC_IMPLICIT_RETAIN_SELF = YES;
				CLANG_WARN_OBJC_LITERAL_CONVERSION = YES;
				CLANG_WARN_OBJC_ROOT_CLASS = YES_ERROR;
				CLANG_WARN_QUOTED_INCLUDE_IN_FRAMEWORK_HEADER = YES;
				CLANG_WARN_RANGE_LOOP_ANALYSIS = YES;
				CLANG_WARN_STRICT_PROTOTYPES = YES;
				CLANG_WARN_SUSPICIOUS_MOVE = YES;
				CLANG_WARN_UNGUARDED_AVAILABILITY = YES_AGGRESSIVE;
				CLANG_WARN_UNREACHABLE_CODE = YES;
				CLANG_WARN__DUPLICATE_METHOD_MATCH = YES;
				COPY_PHASE_STRIP = NO;
				DEBUG_INFORMATION_FORMAT = "dwarf-with-dsym";
				ENABLE_NS_ASSERTIONS = NO;
				ENABLE_STRICT_OBJC_MSGSEND = YES;
				ENABLE_USER_SCRIPT_SANDBOXING = YES;
				GCC_C_LANGUAGE_STANDARD = gnu17;
				GCC_NO_COMMON_BLOCKS = YES;
				GCC_WARN_64_TO_32_BIT_CONVERSION = YES;
				GCC_WARN_ABOUT_RETURN_TYPE = YES_ERROR;
				GCC_WARN_UNDECLARED_SELECTOR = YES;
				GCC_WARN_UNINITIALIZED_AUTOS = YES_AGGRESSIVE;
				GCC_WARN_UNUSED_FUNCTION = YES;
				GCC_WARN_UNUSED_VARIABLE = YES;
				IPHONEOS_DEPLOYMENT_TARGET = 17.2;
				LOCALIZATION_PREFERS_STRING_CATALOGS = YES;
				MTL_ENABLE_DEBUG_INFO = NO;
				MTL_FAST_MATH = YES;
				SDKROOT = iphoneos;
				SWIFT_COMPILATION_MODE = wholemodule;
				VALIDATE_PRODUCT = YES;
			};
			name = Release;
		};
		C46AA33D2B81F5E100FD8FA7 /* Debug */ = {
			isa = XCBuildConfiguration;
			buildSettings = {
				ASSETCATALOG_COMPILER_APPICON_NAME = AppIcon;
				ASSETCATALOG_COMPILER_GLOBAL_ACCENT_COLOR_NAME = AccentColor;
				CODE_SIGN_STYLE = Automatic;
				CURRENT_PROJECT_VERSION = 1;
				DEVELOPMENT_ASSET_PATHS = "\"MyBooks/Preview Content\"";
				DEVELOPMENT_TEAM = QAT46LHJF5;
				ENABLE_PREVIEWS = YES;
				GENERATE_INFOPLIST_FILE = YES;
				INFOPLIST_KEY_UIApplicationSceneManifest_Generation = YES;
				INFOPLIST_KEY_UIApplicationSupportsIndirectInputEvents = YES;
				INFOPLIST_KEY_UILaunchScreen_Generation = YES;
				INFOPLIST_KEY_UISupportedInterfaceOrientations_iPad = "UIInterfaceOrientationPortrait UIInterfaceOrientationPortraitUpsideDown UIInterfaceOrientationLandscapeLeft UIInterfaceOrientationLandscapeRight";
				INFOPLIST_KEY_UISupportedInterfaceOrientations_iPhone = "UIInterfaceOrientationPortrait UIInterfaceOrientationLandscapeLeft UIInterfaceOrientationLandscapeRight";
				LD_RUNPATH_SEARCH_PATHS = (
					"$(inherited)",
					"@executable_path/Frameworks",
				);
				MARKETING_VERSION = 1.0;
				PRODUCT_BUNDLE_IDENTIFIER = com.hongssup.MyBooks;
				PRODUCT_NAME = "$(TARGET_NAME)";
				SWIFT_EMIT_LOC_STRINGS = YES;
				SWIFT_VERSION = 5.0;
				TARGETED_DEVICE_FAMILY = "1,2";
			};
			name = Debug;
		};
		C46AA33E2B81F5E100FD8FA7 /* Release */ = {
			isa = XCBuildConfiguration;
			buildSettings = {
				ASSETCATALOG_COMPILER_APPICON_NAME = AppIcon;
				ASSETCATALOG_COMPILER_GLOBAL_ACCENT_COLOR_NAME = AccentColor;
				CODE_SIGN_STYLE = Automatic;
				CURRENT_PROJECT_VERSION = 1;
				DEVELOPMENT_ASSET_PATHS = "\"MyBooks/Preview Content\"";
				DEVELOPMENT_TEAM = QAT46LHJF5;
				ENABLE_PREVIEWS = YES;
				GENERATE_INFOPLIST_FILE = YES;
				INFOPLIST_KEY_UIApplicationSceneManifest_Generation = YES;
				INFOPLIST_KEY_UIApplicationSupportsIndirectInputEvents = YES;
				INFOPLIST_KEY_UILaunchScreen_Generation = YES;
				INFOPLIST_KEY_UISupportedInterfaceOrientations_iPad = "UIInterfaceOrientationPortrait UIInterfaceOrientationPortraitUpsideDown UIInterfaceOrientationLandscapeLeft UIInterfaceOrientationLandscapeRight";
				INFOPLIST_KEY_UISupportedInterfaceOrientations_iPhone = "UIInterfaceOrientationPortrait UIInterfaceOrientationLandscapeLeft UIInterfaceOrientationLandscapeRight";
				LD_RUNPATH_SEARCH_PATHS = (
					"$(inherited)",
					"@executable_path/Frameworks",
				);
				MARKETING_VERSION = 1.0;
				PRODUCT_BUNDLE_IDENTIFIER = com.hongssup.MyBooks;
				PRODUCT_NAME = "$(TARGET_NAME)";
				SWIFT_EMIT_LOC_STRINGS = YES;
				SWIFT_VERSION = 5.0;
				TARGETED_DEVICE_FAMILY = "1,2";
			};
			name = Release;
		};
		C46AA3402B81F5E100FD8FA7 /* Debug */ = {
			isa = XCBuildConfiguration;
			buildSettings = {
				ALWAYS_EMBED_SWIFT_STANDARD_LIBRARIES = YES;
				BUNDLE_LOADER = "$(TEST_HOST)";
				CODE_SIGN_STYLE = Automatic;
				CURRENT_PROJECT_VERSION = 1;
				DEVELOPMENT_TEAM = QAT46LHJF5;
				GENERATE_INFOPLIST_FILE = YES;
				IPHONEOS_DEPLOYMENT_TARGET = 17.2;
				MARKETING_VERSION = 1.0;
				PRODUCT_BUNDLE_IDENTIFIER = com.hongssup.MyBooksTests;
				PRODUCT_NAME = "$(TARGET_NAME)";
				SWIFT_EMIT_LOC_STRINGS = NO;
				SWIFT_VERSION = 5.0;
				TARGETED_DEVICE_FAMILY = "1,2";
				TEST_HOST = "$(BUILT_PRODUCTS_DIR)/MyBooks.app/$(BUNDLE_EXECUTABLE_FOLDER_PATH)/MyBooks";
			};
			name = Debug;
		};
		C46AA3412B81F5E100FD8FA7 /* Release */ = {
			isa = XCBuildConfiguration;
			buildSettings = {
				ALWAYS_EMBED_SWIFT_STANDARD_LIBRARIES = YES;
				BUNDLE_LOADER = "$(TEST_HOST)";
				CODE_SIGN_STYLE = Automatic;
				CURRENT_PROJECT_VERSION = 1;
				DEVELOPMENT_TEAM = QAT46LHJF5;
				GENERATE_INFOPLIST_FILE = YES;
				IPHONEOS_DEPLOYMENT_TARGET = 17.2;
				MARKETING_VERSION = 1.0;
				PRODUCT_BUNDLE_IDENTIFIER = com.hongssup.MyBooksTests;
				PRODUCT_NAME = "$(TARGET_NAME)";
				SWIFT_EMIT_LOC_STRINGS = NO;
				SWIFT_VERSION = 5.0;
				TARGETED_DEVICE_FAMILY = "1,2";
				TEST_HOST = "$(BUILT_PRODUCTS_DIR)/MyBooks.app/$(BUNDLE_EXECUTABLE_FOLDER_PATH)/MyBooks";
			};
			name = Release;
		};
		C46AA3432B81F5E100FD8FA7 /* Debug */ = {
			isa = XCBuildConfiguration;
			buildSettings = {
				ALWAYS_EMBED_SWIFT_STANDARD_LIBRARIES = YES;
				CODE_SIGN_STYLE = Automatic;
				CURRENT_PROJECT_VERSION = 1;
				DEVELOPMENT_TEAM = QAT46LHJF5;
				GENERATE_INFOPLIST_FILE = YES;
				MARKETING_VERSION = 1.0;
				PRODUCT_BUNDLE_IDENTIFIER = com.hongssup.MyBooksUITests;
				PRODUCT_NAME = "$(TARGET_NAME)";
				SWIFT_EMIT_LOC_STRINGS = NO;
				SWIFT_VERSION = 5.0;
				TARGETED_DEVICE_FAMILY = "1,2";
				TEST_TARGET_NAME = MyBooks;
			};
			name = Debug;
		};
		C46AA3442B81F5E100FD8FA7 /* Release */ = {
			isa = XCBuildConfiguration;
			buildSettings = {
				ALWAYS_EMBED_SWIFT_STANDARD_LIBRARIES = YES;
				CODE_SIGN_STYLE = Automatic;
				CURRENT_PROJECT_VERSION = 1;
				DEVELOPMENT_TEAM = QAT46LHJF5;
				GENERATE_INFOPLIST_FILE = YES;
				MARKETING_VERSION = 1.0;
				PRODUCT_BUNDLE_IDENTIFIER = com.hongssup.MyBooksUITests;
				PRODUCT_NAME = "$(TARGET_NAME)";
				SWIFT_EMIT_LOC_STRINGS = NO;
				SWIFT_VERSION = 5.0;
				TARGETED_DEVICE_FAMILY = "1,2";
				TEST_TARGET_NAME = MyBooks;
			};
			name = Release;
		};
/* End XCBuildConfiguration section */

/* Begin XCConfigurationList section */
		C46AA3112B81F5E000FD8FA7 /* Build configuration list for PBXProject "MyBooks" */ = {
			isa = XCConfigurationList;
			buildConfigurations = (
				C46AA33A2B81F5E100FD8FA7 /* Debug */,
				C46AA33B2B81F5E100FD8FA7 /* Release */,
			);
			defaultConfigurationIsVisible = 0;
			defaultConfigurationName = Release;
		};
		C46AA33C2B81F5E100FD8FA7 /* Build configuration list for PBXNativeTarget "MyBooks" */ = {
			isa = XCConfigurationList;
			buildConfigurations = (
				C46AA33D2B81F5E100FD8FA7 /* Debug */,
				C46AA33E2B81F5E100FD8FA7 /* Release */,
			);
			defaultConfigurationIsVisible = 0;
			defaultConfigurationName = Release;
		};
		C46AA33F2B81F5E100FD8FA7 /* Build configuration list for PBXNativeTarget "MyBooksTests" */ = {
			isa = XCConfigurationList;
			buildConfigurations = (
				C46AA3402B81F5E100FD8FA7 /* Debug */,
				C46AA3412B81F5E100FD8FA7 /* Release */,
			);
			defaultConfigurationIsVisible = 0;
			defaultConfigurationName = Release;
		};
		C46AA3422B81F5E100FD8FA7 /* Build configuration list for PBXNativeTarget "MyBooksUITests" */ = {
			isa = XCConfigurationList;
			buildConfigurations = (
				C46AA3432B81F5E100FD8FA7 /* Debug */,
				C46AA3442B81F5E100FD8FA7 /* Release */,
			);
			defaultConfigurationIsVisible = 0;
			defaultConfigurationName = Release;
		};
/* End XCConfigurationList section */
	};
	rootObject = C46AA30E2B81F5E000FD8FA7 /* Project object */;
}
